
Microsoft Visual Studio Solution File, Format Version 12.00
# Visual Studio Version 16
VisualStudioVersion = 16.0.32510.428
MinimumVisualStudioVersion = 10.0.40219.1
Project("{FAE04EC0-301F-11D3-BF4B-00C04F79EFBC}") = "WindowsFormsApp1", "WindowsFormsApp1\WindowsFormsApp1.csproj", "{73A3B133-C6DA-4503-BAB7-646C5054881B}"
EndProject
Global
	GlobalSection(SolutionConfigurationPlatforms) = preSolution
		Debug|Any CPU = Debug|Any CPU
		Release|Any CPU = Release|Any CPU
	EndGlobalSection
	GlobalSection(ProjectConfigurationPlatforms) = postSolution
		{73A3B133-C6DA-4503-BAB7-646C5054881B}.Debug|Any CPU.ActiveCfg = Debug|Any CPU
		{73A3B133-C6DA-4503-BAB7-646C5054881B}.Debug|Any CPU.Build.0 = Debug|Any CPU
		{73A3B133-C6DA-4503-BAB7-646C5054881B}.Release|Any CPU.ActiveCfg = Release|Any CPU
		{73A3B133-C6DA-4503-BAB7-646C5054881B}.Release|Any CPU.Build.0 = Release|Any CPU
	EndGlobalSection
	GlobalSection(SolutionProperties) = preSolution
		HideSolutionNode = FALSE
	EndGlobalSection
	GlobalSection(ExtensibilityGlobals) = postSolution
		SolutionGuid = {6DD540F0-E9B9-41D0-B782-5D0CAC7987DB}
	EndGlobalSection
EndGlobal
